
Microsoft Visual Studio Solution File, Format Version 12.00
# Visual Studio Version 17
VisualStudioVersion = 17.8.34316.72
MinimumVisualStudioVersion = 10.0.40219.1
Project("{FAE04EC0-301F-11D3-BF4B-00C04F79EFBC}") = "Library_demo", "Library_demo\Library_demo.csproj", "{8D5A2D09-8322-4964-8444-0D7F002F23ED}"
EndProject
Global
	GlobalSection(SolutionConfigurationPlatforms) = preSolution
		Debug|Any CPU = Debug|Any CPU
		Release|Any CPU = Release|Any CPU
	EndGlobalSection
	GlobalSection(ProjectConfigurationPlatforms) = postSolution
		{8D5A2D09-8322-4964-8444-0D7F002F23ED}.Debug|Any CPU.ActiveCfg = Debug|Any CPU
		{8D5A2D09-8322-4964-8444-0D7F002F23ED}.Debug|Any CPU.Build.0 = Debug|Any CPU
		{8D5A2D09-8322-4964-8444-0D7F002F23ED}.Release|Any CPU.ActiveCfg = Release|Any CPU
		{8D5A2D09-8322-4964-8444-0D7F002F23ED}.Release|Any CPU.Build.0 = Release|Any CPU
	EndGlobalSection
	GlobalSection(SolutionProperties) = preSolution
		HideSolutionNode = FALSE
	EndGlobalSection
	GlobalSection(ExtensibilityGlobals) = postSolution
		SolutionGuid = {BCD7C8A7-D03F-4E0E-BB85-AD5E7C4FEC3D}
	EndGlobalSection
EndGlobal
